
Microsoft Visual Studio Solution File, Format Version 12.00
# Visual Studio Version 17
VisualStudioVersion = 17.8.34309.116
MinimumVisualStudioVersion = 10.0.40219.1
Project("{FAE04EC0-301F-11D3-BF4B-00C04F79EFBC}") = "EL-BSS", "EL-BSS\EL-BSS.csproj", "{BB2B2FD2-C36A-4157-A484-8A05ACD49409}"
EndProject
Global
	GlobalSection(SolutionConfigurationPlatforms) = preSolution
		Debug|Any CPU = Debug|Any CPU
		Release|Any CPU = Release|Any CPU
	EndGlobalSection
	GlobalSection(ProjectConfigurationPlatforms) = postSolution
		{BB2B2FD2-C36A-4157-A484-8A05ACD49409}.Debug|Any CPU.ActiveCfg = Debug|Any CPU
		{BB2B2FD2-C36A-4157-A484-8A05ACD49409}.Debug|Any CPU.Build.0 = Debug|Any CPU
		{BB2B2FD2-C36A-4157-A484-8A05ACD49409}.Release|Any CPU.ActiveCfg = Release|Any CPU
		{BB2B2FD2-C36A-4157-A484-8A05ACD49409}.Release|Any CPU.Build.0 = Release|Any CPU
	EndGlobalSection
	GlobalSection(SolutionProperties) = preSolution
		HideSolutionNode = FALSE
	EndGlobalSection
	GlobalSection(ExtensibilityGlobals) = postSolution
		SolutionGuid = {56108645-5B04-48E7-8AA6-17EAF9DDFFDF}
	EndGlobalSection
EndGlobal
